
Microsoft Visual Studio Solution File, Format Version 12.00
# Visual Studio Version 16
VisualStudioVersion = 16.0.29721.120
MinimumVisualStudioVersion = 10.0.40219.1
Project("{FAE04EC0-301F-11D3-BF4B-00C04F79EFBC}") = "HelloLLLLL.Blog", "HelloLLLLL.Blog\HelloLLLLL.Blog.csproj", "{016E1868-ABE8-4890-AC03-2672A0BE8A8A}"
EndProject
Project("{FAE04EC0-301F-11D3-BF4B-00C04F79EFBC}") = "HelloLLLLL.Blog.Common", "HelloLLLLL.Blog.Common\HelloLLLLL.Blog.Common.csproj", "{A6B26820-DF74-4AC5-A507-D729A6FEEDFD}"
EndProject
Project("{FAE04EC0-301F-11D3-BF4B-00C04F79EFBC}") = "HelloLLLLL.Blog.Models", "HelloLLLLL.Blog.Models\HelloLLLLL.Blog.Models.csproj", "{22DCE437-705D-44E9-87CB-5EB52A21C5A5}"
EndProject
Global
	GlobalSection(SolutionConfigurationPlatforms) = preSolution
		Debug|Any CPU = Debug|Any CPU
		Release|Any CPU = Release|Any CPU
	EndGlobalSection
	GlobalSection(ProjectConfigurationPlatforms) = postSolution
		{016E1868-ABE8-4890-AC03-2672A0BE8A8A}.Debug|Any CPU.ActiveCfg = Debug|Any CPU
		{016E1868-ABE8-4890-AC03-2672A0BE8A8A}.Debug|Any CPU.Build.0 = Debug|Any CPU
		{016E1868-ABE8-4890-AC03-2672A0BE8A8A}.Release|Any CPU.ActiveCfg = Release|Any CPU
		{016E1868-ABE8-4890-AC03-2672A0BE8A8A}.Release|Any CPU.Build.0 = Release|Any CPU
		{A6B26820-DF74-4AC5-A507-D729A6FEEDFD}.Debug|Any CPU.ActiveCfg = Debug|Any CPU
		{A6B26820-DF74-4AC5-A507-D729A6FEEDFD}.Debug|Any CPU.Build.0 = Debug|Any CPU
		{A6B26820-DF74-4AC5-A507-D729A6FEEDFD}.Release|Any CPU.ActiveCfg = Release|Any CPU
		{A6B26820-DF74-4AC5-A507-D729A6FEEDFD}.Release|Any CPU.Build.0 = Release|Any CPU
		{22DCE437-705D-44E9-87CB-5EB52A21C5A5}.Debug|Any CPU.ActiveCfg = Debug|Any CPU
		{22DCE437-705D-44E9-87CB-5EB52A21C5A5}.Debug|Any CPU.Build.0 = Debug|Any CPU
		{22DCE437-705D-44E9-87CB-5EB52A21C5A5}.Release|Any CPU.ActiveCfg = Release|Any CPU
		{22DCE437-705D-44E9-87CB-5EB52A21C5A5}.Release|Any CPU.Build.0 = Release|Any CPU
	EndGlobalSection
	GlobalSection(SolutionProperties) = preSolution
		HideSolutionNode = FALSE
	EndGlobalSection
	GlobalSection(ExtensibilityGlobals) = postSolution
		SolutionGuid = {3FB672E2-6DEE-4524-BA27-E4AE55218EDB}
	EndGlobalSection
EndGlobal
